
Microsoft Visual Studio Solution File, Format Version 12.00
# Visual Studio 2013
VisualStudioVersion = 12.0.31101.0
MinimumVisualStudioVersion = 10.0.40219.1
Project("{FAE04EC0-301F-11D3-BF4B-00C04F79EFBC}") = "Auth0.AdConnector.KerberosSample", "Auth0.AdConnector.KerberosSample\Auth0.AdConnector.KerberosSample.csproj", "{FE011416-BFF8-4535-AC11-125E66D154CA}"
EndProject
Global
	GlobalSection(SolutionConfigurationPlatforms) = preSolution
		Debug|Any CPU = Debug|Any CPU
		Release|Any CPU = Release|Any CPU
	EndGlobalSection
	GlobalSection(ProjectConfigurationPlatforms) = postSolution
		{FE011416-BFF8-4535-AC11-125E66D154CA}.Debug|Any CPU.ActiveCfg = Debug|Any CPU
		{FE011416-BFF8-4535-AC11-125E66D154CA}.Debug|Any CPU.Build.0 = Debug|Any CPU
		{FE011416-BFF8-4535-AC11-125E66D154CA}.Release|Any CPU.ActiveCfg = Release|Any CPU
		{FE011416-BFF8-4535-AC11-125E66D154CA}.Release|Any CPU.Build.0 = Release|Any CPU
	EndGlobalSection
	GlobalSection(SolutionProperties) = preSolution
		HideSolutionNode = FALSE
	EndGlobalSection
EndGlobal
